# THIS IS AN AUTOGENERATED FILE. DO NOT EDIT THIS FILE DIRECTLY.
# yarn lockfile v1


"@ampproject/remapping@^2.2.1":
  version "2.2.1"
  resolved "https://registry.npmjs.org/@ampproject/remapping/-/remapping-2.2.1.tgz"
  integrity sha512-lFMjJTrFL3j7L9yBxwYfCq2k6qqwHyzuUl/XBnif78PWTJYyL/dfowQHWE3sp6U6ZzqWiiIZnpTMO96zhkjwtg==
  dependencies:
    "@jridgewell/gen-mapping" "^0.3.0"
    "@jridgewell/trace-mapping" "^0.3.9"

"@esbuild/darwin-arm64@0.19.11":
  version "0.19.11"
  resolved "https://registry.npmjs.org/@esbuild/darwin-arm64/-/darwin-arm64-0.19.11.tgz"
  integrity sha512-ETp87DRWuSt9KdDVkqSoKoLFHYTrkyz2+65fj9nfXsaV3bMhTCjtQfw3y+um88vGRKRiF7erPrh/ZuIdLUIVxQ==

"@img/sharp-darwin-arm64@0.33.2":
  version "0.33.2"
  resolved "https://registry.npmjs.org/@img/sharp-darwin-arm64/-/sharp-darwin-arm64-0.33.2.tgz"
  integrity sha512-itHBs1rPmsmGF9p4qRe++CzCgd+kFYktnsoR1sbIAfsRMrJZau0Tt1AH9KVnufc2/tU02Gf6Ibujx+15qRE03w==
  optionalDependencies:
    "@img/sharp-libvips-darwin-arm64" "1.0.1"

"@img/sharp-libvips-darwin-arm64@1.0.1":
  version "1.0.1"
  resolved "https://registry.npmjs.org/@img/sharp-libvips-darwin-arm64/-/sharp-libvips-darwin-arm64-1.0.1.tgz"
  integrity sha512-kQyrSNd6lmBV7O0BUiyu/OEw9yeNGFbQhbxswS1i6rMDwBBSX+e+rPzu3S+MwAiGU3HdLze3PanQ4Xkfemgzcw==

"@jridgewell/gen-mapping@^0.3.0":
  version "0.3.3"
  resolved "https://registry.npmjs.org/@jridgewell/gen-mapping/-/gen-mapping-0.3.3.tgz"
  integrity sha512-HLhSWOLRi875zjjMG/r+Nv0oCW8umGb0BgEhyX3dDX3egwZtB8PqLnjz3yedt8R5StBrzcg4aBpnh8UA9D1BoQ==
  dependencies:
    "@jridgewell/set-array" "^1.0.1"
    "@jridgewell/sourcemap-codec" "^1.4.10"
    "@jridgewell/trace-mapping" "^0.3.9"

"@jridgewell/resolve-uri@^3.1.0":
  version "3.1.1"
  resolved "https://registry.npmjs.org/@jridgewell/resolve-uri/-/resolve-uri-3.1.1.tgz"
  integrity sha512-dSYZh7HhCDtCKm4QakX0xFpsRDqjjtZf/kjI/v3T3Nwt5r8/qz/M19F9ySyOqU94SXBmeG9ttTul+YnR4LOxFA==

"@jridgewell/set-array@^1.0.1":
  version "1.1.2"
  resolved "https://registry.npmjs.org/@jridgewell/set-array/-/set-array-1.1.2.tgz"
  integrity sha512-xnkseuNADM0gt2bs+BvhO0p78Mk762YnZdsuzFV018NoG1Sj1SCQvpSqa7XUaTam5vAGasABV9qXASMKnFMwMw==

"@jridgewell/sourcemap-codec@^1.4.10", "@jridgewell/sourcemap-codec@^1.4.14", "@jridgewell/sourcemap-codec@^1.4.15":
  version "1.4.15"
  resolved "https://registry.npmjs.org/@jridgewell/sourcemap-codec/-/sourcemap-codec-1.4.15.tgz"
  integrity sha512-eF2rxCRulEKXHTRiDrDy6erMYWqNw4LPdQ8UQA4huuxaQsVeRPFl2oM8oDGxMFhJUWZf9McpLtJasDDZb/Bpeg==

"@jridgewell/trace-mapping@^0.3.18", "@jridgewell/trace-mapping@^0.3.9":
  version "0.3.21"
  resolved "https://registry.npmjs.org/@jridgewell/trace-mapping/-/trace-mapping-0.3.21.tgz"
  integrity sha512-SRfKmRe1KvYnxjEMtxEr+J4HIeMX5YBg/qhRHpxEIGjhX1rshcHlnFUE9K0GazhVKWM7B+nARSkV8LuvJdJ5/g==
  dependencies:
    "@jridgewell/resolve-uri" "^3.1.0"
    "@jridgewell/sourcemap-codec" "^1.4.14"

"@rollup/pluginutils@^5.0.5":
  version "5.1.0"
  resolved "https://registry.npmjs.org/@rollup/pluginutils/-/pluginutils-5.1.0.tgz"
  integrity sha512-XTIWOPPcpvyKI6L1NHo0lFlCyznUEyPmPY1mc3KpPVDYulHSTvyeLNVW00QTLIAFNhR3kYnJTQHeGqU4M3n09g==
  dependencies:
    "@types/estree" "^1.0.0"
    estree-walker "^2.0.2"
    picomatch "^2.3.1"

"@rollup/rollup-darwin-arm64@4.9.5":
  version "4.9.5"
  resolved "https://registry.npmjs.org/@rollup/rollup-darwin-arm64/-/rollup-darwin-arm64-4.9.5.tgz"
  integrity sha512-ndoXeLx455FffL68OIUrVr89Xu1WLzAG4n65R8roDlCoYiQcGGg6MALvs2Ap9zs7AHg8mpHtMpwC8jBBjZrT/w==

"@sveltejs/enhanced-img@^0.1.8":
  version "0.1.8"
  resolved "https://registry.npmjs.org/@sveltejs/enhanced-img/-/enhanced-img-0.1.8.tgz"
  integrity sha512-0cLVR9KiO0/t3VVm64OM7bPHTkdaT2aaz1rwoAhao+EBXR3vMvLoYXLHvz8o9/552PSV8G844RkH7qkGc3YAiQ==
  dependencies:
    magic-string "^0.30.5"
    svelte-parse-markup "^0.1.2"
    vite-imagetools "^6.2.8"

"@sveltejs/vite-plugin-svelte-inspector@^2.0.0-next.0 || ^2.0.0":
  version "2.0.0"
  resolved "https://registry.npmjs.org/@sveltejs/vite-plugin-svelte-inspector/-/vite-plugin-svelte-inspector-2.0.0.tgz"
  integrity sha512-gjr9ZFg1BSlIpfZ4PRewigrvYmHWbDrq2uvvPB1AmTWKuM+dI1JXQSUu2pIrYLb/QncyiIGkFDFKTwJ0XqQZZg==
  dependencies:
    debug "^4.3.4"

"@sveltejs/vite-plugin-svelte@^3.0.0", "@sveltejs/vite-plugin-svelte@^3.0.1":
  version "3.0.1"
  resolved "https://registry.npmjs.org/@sveltejs/vite-plugin-svelte/-/vite-plugin-svelte-3.0.1.tgz"
  integrity sha512-CGURX6Ps+TkOovK6xV+Y2rn8JKa8ZPUHPZ/NKgCxAmgBrXReavzFl8aOSCj3kQ1xqT7yGJj53hjcV/gqwDAaWA==
  dependencies:
    "@sveltejs/vite-plugin-svelte-inspector" "^2.0.0-next.0 || ^2.0.0"
    debug "^4.3.4"
    deepmerge "^4.3.1"
    kleur "^4.1.5"
    magic-string "^0.30.5"
    svelte-hmr "^0.15.3"
    vitefu "^0.2.5"

"@types/estree@*", "@types/estree@^1.0.0", "@types/estree@^1.0.1", "@types/estree@1.0.5":
  version "1.0.5"
  resolved "https://registry.npmjs.org/@types/estree/-/estree-1.0.5.tgz"
  integrity sha512-/kYRxGDLWzHOB7q+wtSUQlFrtcdUccpfy+X+9iMBpHK8QLLhx2wIPYuS5DYtR9Wa/YlZAbIovy7qVdB1Aq6Lyw==

acorn@^8.10.0, acorn@^8.9.0:
  version "8.11.3"
  resolved "https://registry.npmjs.org/acorn/-/acorn-8.11.3.tgz"
  integrity sha512-Y9rRfJG5jcKOE0CLisYbojUjIrIEE7AGMzA/Sm4BslANhbS+cDMpgBdcPT91oJ7OuJ9hYJBx59RjbhxVnrF8Xg==

aria-query@^5.3.0:
  version "5.3.0"
  resolved "https://registry.npmjs.org/aria-query/-/aria-query-5.3.0.tgz"
  integrity sha512-b0P0sZPKtyu8HkeRAfCq0IfURZK+SuwMjY1UXGBU27wpAiTwQAIlq56IbIO+ytk/JjS1fMR14ee5WBBfKi5J6A==
  dependencies:
    dequal "^2.0.3"

axobject-query@^3.2.1:
  version "3.2.1"
  resolved "https://registry.npmjs.org/axobject-query/-/axobject-query-3.2.1.tgz"
  integrity sha512-jsyHu61e6N4Vbz/v18DHwWYKK0bSWLqn47eeDSKPB7m8tqMHF9YJ+mhIk2lVteyZrY8tnSj/jHOv4YiTCuCJgg==
  dependencies:
    dequal "^2.0.3"

code-red@^1.0.3:
  version "1.0.4"
  resolved "https://registry.npmjs.org/code-red/-/code-red-1.0.4.tgz"
  integrity sha512-7qJWqItLA8/VPVlKJlFXU+NBlo/qyfs39aJcuMT/2ere32ZqvF5OSxgdM5xOfJJ7O429gg2HM47y8v9P+9wrNw==
  dependencies:
    "@jridgewell/sourcemap-codec" "^1.4.15"
    "@types/estree" "^1.0.1"
    acorn "^8.10.0"
    estree-walker "^3.0.3"
    periscopic "^3.1.0"

color-convert@^2.0.1:
  version "2.0.1"
  resolved "https://registry.npmjs.org/color-convert/-/color-convert-2.0.1.tgz"
  integrity sha512-RRECPsj7iu/xb5oKYcsFHSppFNnsj/52OVTRKb4zP5onXwVF3zVmmToNcOfGC+CRDpfK/U584fMg38ZHCaElKQ==
  dependencies:
    color-name "~1.1.4"

color-name@^1.0.0, color-name@~1.1.4:
  version "1.1.4"
  resolved "https://registry.npmjs.org/color-name/-/color-name-1.1.4.tgz"
  integrity sha512-dOy+3AuW3a2wNbZHIuMZpTcgjGuLU/uBL/ubcZF9OXbDo8ff4O8yVp5Bf0efS8uEoYo5q4Fx7dY9OgQGXgAsQA==

color-string@^1.9.0:
  version "1.9.1"
  resolved "https://registry.npmjs.org/color-string/-/color-string-1.9.1.tgz"
  integrity sha512-shrVawQFojnZv6xM40anx4CkoDP+fZsw/ZerEMsW/pyzsRbElpsL/DBVW7q3ExxwusdNXI3lXpuhEZkzs8p5Eg==
  dependencies:
    color-name "^1.0.0"
    simple-swizzle "^0.2.2"

color@^4.2.3:
  version "4.2.3"
  resolved "https://registry.npmjs.org/color/-/color-4.2.3.tgz"
  integrity sha512-1rXeuUUiGGrykh+CeBdu5Ie7OJwinCgQY0bc7GCRxy5xVHy+moaqkpL/jqQq0MtQOeYcrqEz4abc5f0KtU7W4A==
  dependencies:
    color-convert "^2.0.1"
    color-string "^1.9.0"

css-tree@^2.3.1:
  version "2.3.1"
  resolved "https://registry.npmjs.org/css-tree/-/css-tree-2.3.1.tgz"
  integrity sha512-6Fv1DV/TYw//QF5IzQdqsNDjx/wc8TrMBZsqjL9eW01tWb7R7k/mq+/VXfJCl7SoD5emsJop9cOByJZfs8hYIw==
  dependencies:
    mdn-data "2.0.30"
    source-map-js "^1.0.1"

debug@^4.3.4:
  version "4.3.4"
  resolved "https://registry.npmjs.org/debug/-/debug-4.3.4.tgz"
  integrity sha512-PRWFHuSU3eDtQJPvnNY7Jcket1j0t5OuOsFzPPzsekD52Zl8qUfFIPEiswXqIvHWGVHOgX+7G/vCNNhehwxfkQ==
  dependencies:
    ms "2.1.2"

deepmerge@^4.3.1:
  version "4.3.1"
  resolved "https://registry.npmjs.org/deepmerge/-/deepmerge-4.3.1.tgz"
  integrity sha512-3sUqbMEc77XqpdNO7FRyRog+eW3ph+GYCbj+rK+uYyRMuwsVy0rMiVtPn+QJlKFvWP/1PYpapqYn0Me2knFn+A==

dequal@^2.0.3:
  version "2.0.3"
  resolved "https://registry.npmjs.org/dequal/-/dequal-2.0.3.tgz"
  integrity sha512-0je+qPKHEMohvfRTCEo3CrPG6cAzAYgmzKyxRiYSSDkS6eGJdyVJm7WaYA5ECaAD9wLB2T4EEeymA5aFVcYXCA==

detect-libc@^2.0.2:
  version "2.0.2"
  resolved "https://registry.npmjs.org/detect-libc/-/detect-libc-2.0.2.tgz"
  integrity sha512-UX6sGumvvqSaXgdKGUsgZWqcUyIXZ/vZTrlRT/iobiKhGL0zL4d3osHj3uqllWJK+i+sixDS/3COVEOFbupFyw==

esbuild@^0.19.3:
  version "0.19.11"
  resolved "https://registry.npmjs.org/esbuild/-/esbuild-0.19.11.tgz"
  integrity sha512-HJ96Hev2hX/6i5cDVwcqiJBBtuo9+FeIJOtZ9W1kA5M6AMJRHUZlpYZ1/SbEwtO0ioNAW8rUooVpC/WehY2SfA==
  optionalDependencies:
    "@esbuild/aix-ppc64" "0.19.11"
    "@esbuild/android-arm" "0.19.11"
    "@esbuild/android-arm64" "0.19.11"
    "@esbuild/android-x64" "0.19.11"
    "@esbuild/darwin-arm64" "0.19.11"
    "@esbuild/darwin-x64" "0.19.11"
    "@esbuild/freebsd-arm64" "0.19.11"
    "@esbuild/freebsd-x64" "0.19.11"
    "@esbuild/linux-arm" "0.19.11"
    "@esbuild/linux-arm64" "0.19.11"
    "@esbuild/linux-ia32" "0.19.11"
    "@esbuild/linux-loong64" "0.19.11"
    "@esbuild/linux-mips64el" "0.19.11"
    "@esbuild/linux-ppc64" "0.19.11"
    "@esbuild/linux-riscv64" "0.19.11"
    "@esbuild/linux-s390x" "0.19.11"
    "@esbuild/linux-x64" "0.19.11"
    "@esbuild/netbsd-x64" "0.19.11"
    "@esbuild/openbsd-x64" "0.19.11"
    "@esbuild/sunos-x64" "0.19.11"
    "@esbuild/win32-arm64" "0.19.11"
    "@esbuild/win32-ia32" "0.19.11"
    "@esbuild/win32-x64" "0.19.11"

estree-walker@^2.0.2:
  version "2.0.2"
  resolved "https://registry.npmjs.org/estree-walker/-/estree-walker-2.0.2.tgz"
  integrity sha512-Rfkk/Mp/DL7JVje3u18FxFujQlTNR2q6QfMSMB7AvCBx91NGj/ba3kCfza0f6dVDbw7YlRf/nDrn7pQrCCyQ/w==

estree-walker@^3.0.0, estree-walker@^3.0.3:
  version "3.0.3"
  resolved "https://registry.npmjs.org/estree-walker/-/estree-walker-3.0.3.tgz"
  integrity sha512-7RUKfXgSMMkzt6ZuXmqapOurLGPPfgj6l9uRZ7lRGolvk0y2yocc35LdcxKC5PQZdn2DMqioAQ2NoWcrTKmm6g==
  dependencies:
    "@types/estree" "^1.0.0"

fsevents@~2.3.2, fsevents@~2.3.3:
  version "2.3.3"
  resolved "https://registry.npmjs.org/fsevents/-/fsevents-2.3.3.tgz"
  integrity sha512-5xoDfX+fL7faATnagmWPpbFtwh/R77WmMMqqHGS65C3vvB0YHrgF+B1YmZ3441tMj5n63k0212XNoJwzlhffQw==

imagetools-core@^6.0.4:
  version "6.0.4"
  resolved "https://registry.npmjs.org/imagetools-core/-/imagetools-core-6.0.4.tgz"
  integrity sha512-N1qs5qn7u9nR3kboISkYuvJm8MohiphCfBa+wx1UOropVaFis9/mh6wuDPLHJNhl6/64C7q2Pch5NASVKAaSrg==
  dependencies:
    sharp "^0.33.1"

is-arrayish@^0.3.1:
  version "0.3.2"
  resolved "https://registry.npmjs.org/is-arrayish/-/is-arrayish-0.3.2.tgz"
  integrity sha512-eVRqCvVlZbuw3GrM63ovNSNAeA1K16kaR/LRY/92w0zxQ5/1YzwblUX652i4Xs9RwAGjW9d9y6X88t8OaAJfWQ==

is-reference@^3.0.0, is-reference@^3.0.1:
  version "3.0.2"
  resolved "https://registry.npmjs.org/is-reference/-/is-reference-3.0.2.tgz"
  integrity sha512-v3rht/LgVcsdZa3O2Nqs+NMowLOxeOm7Ay9+/ARQ2F+qEoANRcqrjAZKGN0v8ymUetZGgkp26LTnGT7H0Qo9Pg==
  dependencies:
    "@types/estree" "*"

kleur@^4.1.5:
  version "4.1.5"
  resolved "https://registry.npmjs.org/kleur/-/kleur-4.1.5.tgz"
  integrity sha512-o+NO+8WrRiQEE4/7nwRJhN1HWpVmJm511pBHUxPLtp0BUISzlBplORYSmTclCnJvQq2tKu/sgl3xVpkc7ZWuQQ==

locate-character@^3.0.0:
  version "3.0.0"
  resolved "https://registry.npmjs.org/locate-character/-/locate-character-3.0.0.tgz"
  integrity sha512-SW13ws7BjaeJ6p7Q6CO2nchbYEc3X3J6WrmTTDto7yMPqVSZTUyY5Tjbid+Ab8gLnATtygYtiDIJGQRRn2ZOiA==

lru-cache@^6.0.0:
  version "6.0.0"
  resolved "https://registry.npmjs.org/lru-cache/-/lru-cache-6.0.0.tgz"
  integrity sha512-Jo6dJ04CmSjuznwJSS3pUeWmd/H0ffTlkXXgwZi+eq1UCmqQwCh+eLsYOYCwY991i2Fah4h1BEMCx4qThGbsiA==
  dependencies:
    yallist "^4.0.0"

magic-string@^0.30.4, magic-string@^0.30.5:
  version "0.30.5"
  resolved "https://registry.npmjs.org/magic-string/-/magic-string-0.30.5.tgz"
  integrity sha512-7xlpfBaQaP/T6Vh8MO/EqXSW5En6INHEvEXQiuff7Gku0PWjU3uf6w/j9o7O+SpB5fOAkrI5HeoNgwjEO0pFsA==
  dependencies:
    "@jridgewell/sourcemap-codec" "^1.4.15"

mdn-data@2.0.30:
  version "2.0.30"
  resolved "https://registry.npmjs.org/mdn-data/-/mdn-data-2.0.30.tgz"
  integrity sha512-GaqWWShW4kv/G9IEucWScBx9G1/vsFZZJUO+tD26M8J8z3Kw5RDQjaoZe03YAClgeS/SWPOcb4nkFBTEi5DUEA==

ms@2.1.2:
  version "2.1.2"
  resolved "https://registry.npmjs.org/ms/-/ms-2.1.2.tgz"
  integrity sha512-sGkPx+VjMtmA6MX27oA4FBFELFCZZ4S4XqeGOXCv68tT+jb3vk/RyaKWP0PTKyWtmLSM0b+adUTEvbs1PEaH2w==

nanoid@^3.3.7:
  version "3.3.7"
  resolved "https://registry.npmjs.org/nanoid/-/nanoid-3.3.7.tgz"
  integrity sha512-eSRppjcPIatRIMC1U6UngP8XFcz8MQWGQdt1MTBQ7NaAmvXDfvNxbvWV3x2y6CdEUciCSsDHDQZbhYaB8QEo2g==

periscopic@^3.1.0:
  version "3.1.0"
  resolved "https://registry.npmjs.org/periscopic/-/periscopic-3.1.0.tgz"
  integrity sha512-vKiQ8RRtkl9P+r/+oefh25C3fhybptkHKCZSPlcXiJux2tJF55GnEj3BVn4A5gKfq9NWWXXrxkHBwVPUfH0opw==
  dependencies:
    "@types/estree" "^1.0.0"
    estree-walker "^3.0.0"
    is-reference "^3.0.0"

picocolors@^1.0.0:
  version "1.0.0"
  resolved "https://registry.npmjs.org/picocolors/-/picocolors-1.0.0.tgz"
  integrity sha512-1fygroTLlHu66zi26VoTDv8yRgm0Fccecssto+MhsZ0D/DGW2sm8E8AjW7NU5VVTRt5GxbeZ5qBuJr+HyLYkjQ==

picomatch@^2.3.1:
  version "2.3.1"
  resolved "https://registry.npmjs.org/picomatch/-/picomatch-2.3.1.tgz"
  integrity sha512-JU3teHTNjmE2VCGFzuY8EXzCDVwEqB2a8fsIvwaStHhAWJEeVd1o1QD80CU6+ZdEXXSLbSsuLwJjkCBWqRQUVA==

postcss@^8.4.32:
  version "8.4.33"
  resolved "https://registry.npmjs.org/postcss/-/postcss-8.4.33.tgz"
  integrity sha512-Kkpbhhdjw2qQs2O2DGX+8m5OVqEcbB9HRBvuYM9pgrjEFUg30A9LmXNlTAUj4S9kgtGyrMbTzVjH7E+s5Re2yg==
  dependencies:
    nanoid "^3.3.7"
    picocolors "^1.0.0"
    source-map-js "^1.0.2"

rollup@^1.20.0||^2.0.0||^3.0.0||^4.0.0, rollup@^4.2.0:
  version "4.9.5"
  resolved "https://registry.npmjs.org/rollup/-/rollup-4.9.5.tgz"
  integrity sha512-E4vQW0H/mbNMw2yLSqJyjtkHY9dslf/p0zuT1xehNRqUTBOFMqEjguDvqhXr7N7r/4ttb2jr4T41d3dncmIgbQ==
  dependencies:
    "@types/estree" "1.0.5"
  optionalDependencies:
    "@rollup/rollup-android-arm-eabi" "4.9.5"
    "@rollup/rollup-android-arm64" "4.9.5"
    "@rollup/rollup-darwin-arm64" "4.9.5"
    "@rollup/rollup-darwin-x64" "4.9.5"
    "@rollup/rollup-linux-arm-gnueabihf" "4.9.5"
    "@rollup/rollup-linux-arm64-gnu" "4.9.5"
    "@rollup/rollup-linux-arm64-musl" "4.9.5"
    "@rollup/rollup-linux-riscv64-gnu" "4.9.5"
    "@rollup/rollup-linux-x64-gnu" "4.9.5"
    "@rollup/rollup-linux-x64-musl" "4.9.5"
    "@rollup/rollup-win32-arm64-msvc" "4.9.5"
    "@rollup/rollup-win32-ia32-msvc" "4.9.5"
    "@rollup/rollup-win32-x64-msvc" "4.9.5"
    fsevents "~2.3.2"

semver@^7.5.4:
  version "7.5.4"
  resolved "https://registry.npmjs.org/semver/-/semver-7.5.4.tgz"
  integrity sha512-1bCSESV6Pv+i21Hvpxp3Dx+pSD8lIPt8uVjRrxAUt/nbswYc+tK6Y2btiULjd4+fnq15PX+nqQDC7Oft7WkwcA==
  dependencies:
    lru-cache "^6.0.0"

sharp@^0.33.1, sharp@^0.33.2:
  version "0.33.2"
  resolved "https://registry.npmjs.org/sharp/-/sharp-0.33.2.tgz"
  integrity sha512-WlYOPyyPDiiM07j/UO+E720ju6gtNtHjEGg5vovUk1Lgxyjm2LFO+37Nt/UI3MMh2l6hxTWQWi7qk3cXJTutcQ==
  dependencies:
    color "^4.2.3"
    detect-libc "^2.0.2"
    semver "^7.5.4"
  optionalDependencies:
    "@img/sharp-darwin-arm64" "0.33.2"
    "@img/sharp-darwin-x64" "0.33.2"
    "@img/sharp-libvips-darwin-arm64" "1.0.1"
    "@img/sharp-libvips-darwin-x64" "1.0.1"
    "@img/sharp-libvips-linux-arm" "1.0.1"
    "@img/sharp-libvips-linux-arm64" "1.0.1"
    "@img/sharp-libvips-linux-s390x" "1.0.1"
    "@img/sharp-libvips-linux-x64" "1.0.1"
    "@img/sharp-libvips-linuxmusl-arm64" "1.0.1"
    "@img/sharp-libvips-linuxmusl-x64" "1.0.1"
    "@img/sharp-linux-arm" "0.33.2"
    "@img/sharp-linux-arm64" "0.33.2"
    "@img/sharp-linux-s390x" "0.33.2"
    "@img/sharp-linux-x64" "0.33.2"
    "@img/sharp-linuxmusl-arm64" "0.33.2"
    "@img/sharp-linuxmusl-x64" "0.33.2"
    "@img/sharp-wasm32" "0.33.2"
    "@img/sharp-win32-ia32" "0.33.2"
    "@img/sharp-win32-x64" "0.33.2"

simple-swizzle@^0.2.2:
  version "0.2.2"
  resolved "https://registry.npmjs.org/simple-swizzle/-/simple-swizzle-0.2.2.tgz"
  integrity sha512-JA//kQgZtbuY83m+xT+tXJkmJncGMTFT+C+g2h2R9uxkYIrE2yy9sgmcLhCnw57/WSD+Eh3J97FPEDFnbXnDUg==
  dependencies:
    is-arrayish "^0.3.1"

source-map-js@^1.0.1, source-map-js@^1.0.2:
  version "1.0.2"
  resolved "https://registry.npmjs.org/source-map-js/-/source-map-js-1.0.2.tgz"
  integrity sha512-R0XvVJ9WusLiqTCEiGCmICCMplcCkIwwR11mOSD9CR5u+IXYdiseeEuXCVAjS54zqwkLcPNnmU4OeJ6tUrWhDw==

svelte-hmr@^0.15.3:
  version "0.15.3"
  resolved "https://registry.npmjs.org/svelte-hmr/-/svelte-hmr-0.15.3.tgz"
  integrity sha512-41snaPswvSf8TJUhlkoJBekRrABDXDMdpNpT2tfHIv4JuhgvHqLMhEPGtaQn0BmbNSTkuz2Ed20DF2eHw0SmBQ==

svelte-parse-markup@^0.1.2:
  version "0.1.2"
  resolved "https://registry.npmjs.org/svelte-parse-markup/-/svelte-parse-markup-0.1.2.tgz"
  integrity sha512-DycY7DJr7VqofiJ63ut1/NEG92HrWWL56VWITn/cJCu+LlZhMoBkBXT4opUitPEEwbq1nMQbv4vTKUfbOqIW1g==

"svelte@^3.0.0 || ^4.0.0", "svelte@^3.19.0 || ^4.0.0", "svelte@^4.0.0 || ^5.0.0-next.0", svelte@^4.2.8:
  version "4.2.8"
  resolved "https://registry.npmjs.org/svelte/-/svelte-4.2.8.tgz"
  integrity sha512-hU6dh1MPl8gh6klQZwK/n73GiAHiR95IkFsesLPbMeEZi36ydaXL/ZAb4g9sayT0MXzpxyZjR28yderJHxcmYA==
  dependencies:
    "@ampproject/remapping" "^2.2.1"
    "@jridgewell/sourcemap-codec" "^1.4.15"
    "@jridgewell/trace-mapping" "^0.3.18"
    acorn "^8.9.0"
    aria-query "^5.3.0"
    axobject-query "^3.2.1"
    code-red "^1.0.3"
    css-tree "^2.3.1"
    estree-walker "^3.0.3"
    is-reference "^3.0.1"
    locate-character "^3.0.0"
    magic-string "^0.30.4"
    periscopic "^3.1.0"

vite-imagetools@^6.2.8, vite-imagetools@^6.2.9:
  version "6.2.9"
  resolved "https://registry.npmjs.org/vite-imagetools/-/vite-imagetools-6.2.9.tgz"
  integrity sha512-C4ZYhgj2vAj43/TpZ06XlDNP0p/7LIeYbgUYr+xG44nM++4HGX6YZBKAYpiBNgiCFUTJ6eXkRppWBrfPMevgmg==
  dependencies:
    "@rollup/pluginutils" "^5.0.5"
    imagetools-core "^6.0.4"

"vite@^3.0.0 || ^4.0.0 || ^5.0.0", vite@^5.0.0, vite@^5.0.8:
  version "5.0.11"
  resolved "https://registry.npmjs.org/vite/-/vite-5.0.11.tgz"
  integrity sha512-XBMnDjZcNAw/G1gEiskiM1v6yzM4GE5aMGvhWTlHAYYhxb7S3/V1s3m2LDHa8Vh6yIWYYB0iJwsEaS523c4oYA==
  dependencies:
    esbuild "^0.19.3"
    postcss "^8.4.32"
    rollup "^4.2.0"
  optionalDependencies:
    fsevents "~2.3.3"

vitefu@^0.2.5:
  version "0.2.5"
  resolved "https://registry.npmjs.org/vitefu/-/vitefu-0.2.5.tgz"
  integrity sha512-SgHtMLoqaeeGnd2evZ849ZbACbnwQCIwRH57t18FxcXoZop0uQu0uzlIhJBlF/eWVzuce0sHeqPcDo+evVcg8Q==

yallist@^4.0.0:
  version "4.0.0"
  resolved "https://registry.npmjs.org/yallist/-/yallist-4.0.0.tgz"
  integrity sha512-3wdGidZyq5PB084XLES5TpOSRA3wjXAlIWMhum2kRcv/41Sn2emQ0dycQW4uZXLejwKvg6EsvbdlVL+FYEct7A==
